// !$*UTF8*$!
{
	archiveVersion = 1;
	classes = {
	};
	objectVersion = 56;
	objects = {

/* Begin PBXBuildFile section */
		AA1001 /* KitabcaAdminApp.swift in Sources */ = {isa = PBXBuildFile; fileRef = BB1001 /* KitabcaAdminApp.swift */; };
		AA1002 /* ContentView.swift in Sources */ = {isa = PBXBuildFile; fileRef = BB1002 /* ContentView.swift */; };
		AA1003 /* OrderModels.swift in Sources */ = {isa = PBXBuildFile; fileRef = BB1003 /* OrderModels.swift */; };
		AA1004 /* NotificationManager.swift in Sources */ = {isa = PBXBuildFile; fileRef = BB1004 /* NotificationManager.swift */; };
		AA1005 /* Assets.xcassets in Resources */ = {isa = PBXBuildFile; fileRef = BB1005 /* Assets.xcassets */; };
/* End PBXBuildFile section */

/* Begin PBXFileReference section */
		CC1001 /* KitabcaAdmin.app */ = {isa = PBXFileReference; explicitFileType = wrapper.application; includeInIndex = 0; path = KitabcaAdmin.app; sourceTree = BUILT_PRODUCTS_DIR; };
		BB1001 /* KitabcaAdminApp.swift */ = {isa = PBXFileReference; lastKnownFileType = sourcecode.swift; path = KitabcaAdminApp.swift; sourceTree = "<group>"; };
		BB1002 /* ContentView.swift */ = {isa = PBXFileReference; lastKnownFileType = sourcecode.swift; path = ContentView.swift; sourceTree = "<group>"; };
		BB1003 /* OrderModels.swift */ = {isa = PBXFileReference; lastKnownFileType = sourcecode.swift; path = OrderModels.swift; sourceTree = "<group>"; };
		BB1004 /* NotificationManager.swift */ = {isa = PBXFileReference; lastKnownFileType = sourcecode.swift; path = NotificationManager.swift; sourceTree = "<group>"; };
		BB1005 /* Assets.xcassets */ = {isa = PBXFileReference; lastKnownFileType = folder.assetcatalog; path = Assets.xcassets; sourceTree = "<group>"; };
		BB1006 /* Info.plist */ = {isa = PBXFileReference; lastKnownFileType = text.plist.xml; path = Info.plist; sourceTree = "<group>"; };
/* End PBXFileReference section */

/* Begin PBXFrameworksBuildPhase section */
		DD1001 /* Frameworks */ = {
			isa = PBXFrameworksBuildPhase;
			buildActionMask = 2147483647;
			files = (
			);
			runOnlyForDeploymentPostprocessing = 0;
		};
/* End PBXFrameworksBuildPhase section */

/* Begin PBXGroup section */
		EE1001 = {
			isa = PBXGroup;
			children = (
				EE1002 /* KitabcaAdmin */,
				EE1003 /* Products */,
			);
			sourceTree = "<group>";
		};
		EE1002 /* KitabcaAdmin */ = {
			isa = PBXGroup;
			children = (
				BB1001 /* KitabcaAdminApp.swift */,
				BB1002 /* ContentView.swift */,
				BB1003 /* OrderModels.swift */,
				BB1004 /* NotificationManager.swift */,
				BB1005 /* Assets.xcassets */,
				BB1006 /* Info.plist */,
			);
			path = KitabcaAdmin;
			sourceTree = "<group>";
		};
		EE1003 /* Products */ = {
			isa = PBXGroup;
			children = (
				CC1001 /* KitabcaAdmin.app */,
			);
			name = Products;
			sourceTree = "<group>";
		};
/* End PBXGroup section */

/* Begin PBXNativeTarget section */
		FF1001 /* KitabcaAdmin */ = {
			isa = PBXNativeTarget;
			buildConfigurationList = GG1002 /* Build configuration list for PBXNativeTarget "KitabcaAdmin" */;
			buildPhases = (
				DD1002 /* Sources */,
				DD1001 /* Frameworks */,
				DD1003 /* Resources */,
			);
			buildRules = (
			);
			dependencies = (
			);
			name = KitabcaAdmin;
			productName = KitabcaAdmin;
			productReference = CC1001 /* KitabcaAdmin.app */;
			productType = "com.apple.product-type.application";
		};
/* End PBXNativeTarget section */

/* Begin PBXProject section */
		00000001 /* Project object */ = {
			isa = PBXProject;
			attributes = {
				BuildIndependentTargetsInParallel = 1;
				LastUpgradeCheck = 1500;
				TargetAttributes = {
					FF1001 = {
						CreatedOnToolsVersion = 15.0;
					};
				};
			};
			buildConfigurationList = GG1001 /* Build configuration list for PBXProject "KitabcaAdmin" */;
			compatibilityVersion = "Xcode 14.0";
			developmentRegion = az;
			hasScannedForEncodings = 0;
			knownRegions = (
				az,
				en,
				Base,
			);
			mainGroup = EE1001;
			productRefGroup = EE1003 /* Products */;
			projectDirPath = "";
			projectRoot = "";
			targets = (
				FF1001 /* KitabcaAdmin */,
			);
		};
/* End PBXProject section */

/* Begin PBXResourcesBuildPhase section */
		DD1003 /* Resources */ = {
			isa = PBXResourcesBuildPhase;
			buildActionMask = 2147483647;
			files = (
				AA1005 /* Assets.xcassets in Resources */,
			);
			runOnlyForDeploymentPostprocessing = 0;
		};
/* End PBXResourcesBuildPhase section */

/* Begin PBXSourcesBuildPhase section */
		DD1002 /* Sources */ = {
			isa = PBXSourcesBuildPhase;
			buildActionMask = 2147483647;
			files = (
				AA1001 /* KitabcaAdminApp.swift in Sources */,
				AA1002 /* ContentView.swift in Sources */,
				AA1003 /* OrderModels.swift in Sources */,
				AA1004 /* NotificationManager.swift in Sources */,
			);
			runOnlyForDeploymentPostprocessing = 0;
		};
/* End PBXSourcesBuildPhase section */

/* Begin XCBuildConfiguration section */
		HH1001 /* Debug */ = {
			isa = XCBuildConfiguration;
			buildSettings = {
				ALWAYS_SEARCH_USER_PATHS = NO;
				CLANG_ANALYZER_NONNULL = YES;
				CLANG_CXX_LANGUAGE_STANDARD = "gnu++20";
				CLANG_ENABLE_MODULES = YES;
				CLANG_ENABLE_OBJC_ARC = YES;
				COPY_PHASE_STRIP = NO;
				DEBUG_INFORMATION_FORMAT = dwarf;
				ENABLE_STRICT_OBJC_MSGSEND = YES;
				ENABLE_TESTABILITY = YES;
				GCC_OPTIMIZATION_LEVEL = 0;
				GCC_PREPROCESSOR_DEFINITIONS = (
					"DEBUG=1",
					"$(inherited)",
				);
				IPHONEOS_DEPLOYMENT_TARGET = 15.0;
				MTL_ENABLE_DEBUG_INFO = INCLUDE_SOURCE;
				ONLY_ACTIVE_ARCH = YES;
				SDKROOT = iphoneos;
				SWIFT_ACTIVE_COMPILATION_CONDITIONS = DEBUG;
				SWIFT_OPTIMIZATION_LEVEL = "-Onone";
			};
			name = Debug;
		};
		HH1002 /* Release */ = {
			isa = XCBuildConfiguration;
			buildSettings = {
				ALWAYS_SEARCH_USER_PATHS = NO;
				CLANG_ANALYZER_NONNULL = YES;
				CLANG_CXX_LANGUAGE_STANDARD = "gnu++20";
				CLANG_ENABLE_MODULES = YES;
				CLANG_ENABLE_OBJC_ARC = YES;
				COPY_PHASE_STRIP = NO;
				DEBUG_INFORMATION_FORMAT = "dwarf-with-dsym";
				ENABLE_STRICT_OBJC_MSGSEND = YES;
				IPHONEOS_DEPLOYMENT_TARGET = 15.0;
				MTL_ENABLE_DEBUG_INFO = NO;
				SDKROOT = iphoneos;
				SWIFT_COMPILATION_MODE = wholemodule;
				SWIFT_OPTIMIZATION_LEVEL = "-O";
				VALIDATE_PRODUCT = YES;
			};
			name = Release;
		};
		HH1003 /* Debug */ = {
			isa = XCBuildConfiguration;
			buildSettings = {
				ASSETCATALOG_COMPILER_APPICON_NAME = AppIcon;
				ASSETCATALOG_COMPILER_GLOBAL_ACCENT_COLOR_NAME = AccentColor;
				CODE_SIGN_STYLE = Manual;
				CODE_SIGN_IDENTITY = "";
				CODE_SIGNING_REQUIRED = NO;
				CODE_SIGNING_ALLOWED = NO;
				CURRENT_PROJECT_VERSION = 1;
				DEVELOPMENT_TEAM = "";
				ENABLE_PREVIEWS = YES;
				GENERATE_INFOPLIST_FILE = NO;
				INFOPLIST_FILE = KitabcaAdmin/Info.plist;
				INFOPLIST_KEY_CFBundleDisplayName = "Kitabça Admin";
				LD_RUNPATH_SEARCH_PATHS = (
					"$(inherited)",
					"@executable_path/Frameworks",
				);
				MARKETING_VERSION = 1.0.0;
				PRODUCT_BUNDLE_IDENTIFIER = com.kitabca.admin;
				PRODUCT_NAME = "$(TARGET_NAME)";
				SWIFT_EMIT_LOC_STRINGS = YES;
				SWIFT_VERSION = 5.0;
				TARGETED_DEVICE_FAMILY = "1,2";
			};
			name = Debug;
		};
		HH1004 /* Release */ = {
			isa = XCBuildConfiguration;
			buildSettings = {
				ASSETCATALOG_COMPILER_APPICON_NAME = AppIcon;
				ASSETCATALOG_COMPILER_GLOBAL_ACCENT_COLOR_NAME = AccentColor;
				CODE_SIGN_STYLE = Manual;
				CODE_SIGN_IDENTITY = "";
				CODE_SIGNING_REQUIRED = NO;
				CODE_SIGNING_ALLOWED = NO;
				CURRENT_PROJECT_VERSION = 1;
				DEVELOPMENT_TEAM = "";
				ENABLE_PREVIEWS = YES;
				GENERATE_INFOPLIST_FILE = NO;
				INFOPLIST_FILE = KitabcaAdmin/Info.plist;
				INFOPLIST_KEY_CFBundleDisplayName = "Kitabça Admin";
				LD_RUNPATH_SEARCH_PATHS = (
					"$(inherited)",
					"@executable_path/Frameworks",
				);
				MARKETING_VERSION = 1.0.0;
				PRODUCT_BUNDLE_IDENTIFIER = com.kitabca.admin;
				PRODUCT_NAME = "$(TARGET_NAME)";
				SWIFT_EMIT_LOC_STRINGS = YES;
				SWIFT_VERSION = 5.0;
				TARGETED_DEVICE_FAMILY = "1,2";
			};
			name = Release;
		};
/* End XCBuildConfiguration section */

/* Begin XCConfigurationList section */
		GG1001 /* Build configuration list for PBXProject "KitabcaAdmin" */ = {
			isa = XCConfigurationList;
			buildConfigurations = (
				HH1001 /* Debug */,
				HH1002 /* Release */,
			);
			defaultConfigurationIsVisible = 0;
			defaultConfigurationName = Release;
		};
		GG1002 /* Build configuration list for PBXNativeTarget "KitabcaAdmin" */ = {
			isa = XCConfigurationList;
			buildConfigurations = (
				HH1003 /* Debug */,
				HH1004 /* Release */,
			);
			defaultConfigurationIsVisible = 0;
			defaultConfigurationName = Release;
		};
/* End XCConfigurationList section */

	};
	rootObject = 00000001 /* Project object */;
}